
Microsoft Visual Studio Solution File, Format Version 12.00
# Visual Studio Version 17
VisualStudioVersion = 17.0.31919.166
MinimumVisualStudioVersion = 10.0.40219.1
Project("{9A19103F-16F7-4668-BE54-9A1E7A4F7556}") = "TheBasics", "TheBasics\TheBasics.csproj", "{6DA3EE82-803C-4C83-BC82-D13AB8F06892}"
EndProject
Project("{FAE04EC0-301F-11D3-BF4B-00C04F79EFBC}") = "IncludedSystems", "IncludedSystems\IncludedSystems.csproj", "{45DF8748-8CB0-43CA-9F27-A05657A1E044}"
EndProject
Project("{FAE04EC0-301F-11D3-BF4B-00C04F79EFBC}") = "LayoutAndPages", "LayoutAndPages\LayoutAndPages.csproj", "{29F7F6EE-6802-48D7-B1D5-6FF5169CC45D}"
EndProject
Project("{FAE04EC0-301F-11D3-BF4B-00C04F79EFBC}") = "Components", "Components\Components.csproj", "{E92D06D6-A3C0-41D9-9AF6-492AE211F786}"
EndProject
Project("{FAE04EC0-301F-11D3-BF4B-00C04F79EFBC}") = "Forms", "Forms\Forms.csproj", "{7C0FAF52-0DC2-4927-99C8-AAC5BAD09DF7}"
EndProject
Global
	GlobalSection(SolutionConfigurationPlatforms) = preSolution
		Debug|Any CPU = Debug|Any CPU
		Release|Any CPU = Release|Any CPU
	EndGlobalSection
	GlobalSection(ProjectConfigurationPlatforms) = postSolution
		{6DA3EE82-803C-4C83-BC82-D13AB8F06892}.Debug|Any CPU.ActiveCfg = Debug|Any CPU
		{6DA3EE82-803C-4C83-BC82-D13AB8F06892}.Debug|Any CPU.Build.0 = Debug|Any CPU
		{6DA3EE82-803C-4C83-BC82-D13AB8F06892}.Release|Any CPU.ActiveCfg = Release|Any CPU
		{6DA3EE82-803C-4C83-BC82-D13AB8F06892}.Release|Any CPU.Build.0 = Release|Any CPU
		{45DF8748-8CB0-43CA-9F27-A05657A1E044}.Debug|Any CPU.ActiveCfg = Debug|Any CPU
		{45DF8748-8CB0-43CA-9F27-A05657A1E044}.Debug|Any CPU.Build.0 = Debug|Any CPU
		{45DF8748-8CB0-43CA-9F27-A05657A1E044}.Release|Any CPU.ActiveCfg = Release|Any CPU
		{45DF8748-8CB0-43CA-9F27-A05657A1E044}.Release|Any CPU.Build.0 = Release|Any CPU
		{29F7F6EE-6802-48D7-B1D5-6FF5169CC45D}.Debug|Any CPU.ActiveCfg = Debug|Any CPU
		{29F7F6EE-6802-48D7-B1D5-6FF5169CC45D}.Debug|Any CPU.Build.0 = Debug|Any CPU
		{29F7F6EE-6802-48D7-B1D5-6FF5169CC45D}.Release|Any CPU.ActiveCfg = Release|Any CPU
		{29F7F6EE-6802-48D7-B1D5-6FF5169CC45D}.Release|Any CPU.Build.0 = Release|Any CPU
		{E92D06D6-A3C0-41D9-9AF6-492AE211F786}.Debug|Any CPU.ActiveCfg = Debug|Any CPU
		{E92D06D6-A3C0-41D9-9AF6-492AE211F786}.Debug|Any CPU.Build.0 = Debug|Any CPU
		{E92D06D6-A3C0-41D9-9AF6-492AE211F786}.Release|Any CPU.ActiveCfg = Release|Any CPU
		{E92D06D6-A3C0-41D9-9AF6-492AE211F786}.Release|Any CPU.Build.0 = Release|Any CPU
		{7C0FAF52-0DC2-4927-99C8-AAC5BAD09DF7}.Debug|Any CPU.ActiveCfg = Debug|Any CPU
		{7C0FAF52-0DC2-4927-99C8-AAC5BAD09DF7}.Debug|Any CPU.Build.0 = Debug|Any CPU
		{7C0FAF52-0DC2-4927-99C8-AAC5BAD09DF7}.Release|Any CPU.ActiveCfg = Release|Any CPU
		{7C0FAF52-0DC2-4927-99C8-AAC5BAD09DF7}.Release|Any CPU.Build.0 = Release|Any CPU
	EndGlobalSection
	GlobalSection(SolutionProperties) = preSolution
		HideSolutionNode = FALSE
	EndGlobalSection
	GlobalSection(ExtensibilityGlobals) = postSolution
		SolutionGuid = {5F1F2C5E-A929-4910-9532-3BC5B6564EBC}
	EndGlobalSection
EndGlobal
